
Microsoft Visual Studio Solution File, Format Version 12.00
# Visual Studio Version 17
VisualStudioVersion = 17.4.33213.308
MinimumVisualStudioVersion = 10.0.40219.1
Project("{FAE04EC0-301F-11D3-BF4B-00C04F79EFBC}") = "MinhaCalculadora", "MinhaCalculadora\MinhaCalculadora.csproj", "{0E7A97BA-5254-4002-9055-500199E48141}"
EndProject
Global
	GlobalSection(SolutionConfigurationPlatforms) = preSolution
		Debug|Any CPU = Debug|Any CPU
		Release|Any CPU = Release|Any CPU
	EndGlobalSection
	GlobalSection(ProjectConfigurationPlatforms) = postSolution
		{0E7A97BA-5254-4002-9055-500199E48141}.Debug|Any CPU.ActiveCfg = Debug|Any CPU
		{0E7A97BA-5254-4002-9055-500199E48141}.Debug|Any CPU.Build.0 = Debug|Any CPU
		{0E7A97BA-5254-4002-9055-500199E48141}.Release|Any CPU.ActiveCfg = Release|Any CPU
		{0E7A97BA-5254-4002-9055-500199E48141}.Release|Any CPU.Build.0 = Release|Any CPU
	EndGlobalSection
	GlobalSection(SolutionProperties) = preSolution
		HideSolutionNode = FALSE
	EndGlobalSection
	GlobalSection(ExtensibilityGlobals) = postSolution
		SolutionGuid = {A5D03F92-9A29-4837-BAE7-694ECA515D81}
	EndGlobalSection
EndGlobal
